
Microsoft Visual Studio Solution File, Format Version 12.00
# Visual Studio Version 17
VisualStudioVersion = 17.13.35828.75 d17.13
MinimumVisualStudioVersion = 10.0.40219.1
Project("{FAE04EC0-301F-11D3-BF4B-00C04F79EFBC}") = "EFC2.0", "EFC2.0\EFC2.0.csproj", "{28348A3D-0B1F-44F9-8AE5-19EA406828E8}"
EndProject
Global
	GlobalSection(SolutionConfigurationPlatforms) = preSolution
		Debug|Any CPU = Debug|Any CPU
		Release|Any CPU = Release|Any CPU
	EndGlobalSection
	GlobalSection(ProjectConfigurationPlatforms) = postSolution
		{28348A3D-0B1F-44F9-8AE5-19EA406828E8}.Debug|Any CPU.ActiveCfg = Debug|Any CPU
		{28348A3D-0B1F-44F9-8AE5-19EA406828E8}.Debug|Any CPU.Build.0 = Debug|Any CPU
		{28348A3D-0B1F-44F9-8AE5-19EA406828E8}.Release|Any CPU.ActiveCfg = Release|Any CPU
		{28348A3D-0B1F-44F9-8AE5-19EA406828E8}.Release|Any CPU.Build.0 = Release|Any CPU
	EndGlobalSection
	GlobalSection(SolutionProperties) = preSolution
		HideSolutionNode = FALSE
	EndGlobalSection
	GlobalSection(ExtensibilityGlobals) = postSolution
		SolutionGuid = {C92394D6-A9D7-4492-83F2-01309986572C}
	EndGlobalSection
EndGlobal
